
Microsoft Visual Studio Solution File, Format Version 12.00
# Visual Studio Version 17
VisualStudioVersion = 17.3.32804.467
MinimumVisualStudioVersion = 10.0.40219.1
Project("{FAE04EC0-301F-11D3-BF4B-00C04F79EFBC}") = "ConsoleAppSFU25EF", "ConsoleAppSFU25EF\ConsoleAppSFU25EF.csproj", "{74C75AC8-740A-4E61-A2BE-999CF1D65E61}"
EndProject
Global
	GlobalSection(SolutionConfigurationPlatforms) = preSolution
		Debug|Any CPU = Debug|Any CPU
		Release|Any CPU = Release|Any CPU
	EndGlobalSection
	GlobalSection(ProjectConfigurationPlatforms) = postSolution
		{74C75AC8-740A-4E61-A2BE-999CF1D65E61}.Debug|Any CPU.ActiveCfg = Debug|Any CPU
		{74C75AC8-740A-4E61-A2BE-999CF1D65E61}.Debug|Any CPU.Build.0 = Debug|Any CPU
		{74C75AC8-740A-4E61-A2BE-999CF1D65E61}.Release|Any CPU.ActiveCfg = Release|Any CPU
		{74C75AC8-740A-4E61-A2BE-999CF1D65E61}.Release|Any CPU.Build.0 = Release|Any CPU
	EndGlobalSection
	GlobalSection(SolutionProperties) = preSolution
		HideSolutionNode = FALSE
	EndGlobalSection
	GlobalSection(ExtensibilityGlobals) = postSolution
		SolutionGuid = {F378A621-5616-4B67-9B08-2DC354C6361A}
	EndGlobalSection
EndGlobal
